// !$*UTF8*$!
{
	archiveVersion = 1;
	classes = {
	};
	objectVersion = 56;
	objects = {

/* Begin PBXBuildFile section */
		0681E2012B016B38000679D0 /* BeepTestApp.swift in Sources */ = {isa = PBXBuildFile; fileRef = 0681E2002B016B38000679D0 /* BeepTestApp.swift */; };
		0681E2032B016B38000679D0 /* ContentView.swift in Sources */ = {isa = PBXBuildFile; fileRef = 0681E2022B016B38000679D0 /* ContentView.swift */; };
		0681E2052B016B39000679D0 /* Assets.xcassets in Resources */ = {isa = PBXBuildFile; fileRef = 0681E2042B016B39000679D0 /* Assets.xcassets */; };
		0681E2082B016B39000679D0 /* Preview Assets.xcassets in Resources */ = {isa = PBXBuildFile; fileRef = 0681E2072B016B39000679D0 /* Preview Assets.xcassets */; };
		0681E20E2B016B39000679D0 /* BeepTest Watch App.app in Embed Watch Content */ = {isa = PBXBuildFile; fileRef = 0681E20D2B016B39000679D0 /* BeepTest Watch App.app */; settings = {ATTRIBUTES = (RemoveHeadersOnCopy, ); }; };
		0681E2132B016B39000679D0 /* BeepTestApp.swift in Sources */ = {isa = PBXBuildFile; fileRef = 0681E2122B016B39000679D0 /* BeepTestApp.swift */; };
		0681E2152B016B39000679D0 /* ContentView.swift in Sources */ = {isa = PBXBuildFile; fileRef = 0681E2142B016B39000679D0 /* ContentView.swift */; };
		0681E2172B016B39000679D0 /* Assets.xcassets in Resources */ = {isa = PBXBuildFile; fileRef = 0681E2162B016B39000679D0 /* Assets.xcassets */; };
		0681E21A2B016B39000679D0 /* Preview Assets.xcassets in Resources */ = {isa = PBXBuildFile; fileRef = 0681E2192B016B39000679D0 /* Preview Assets.xcassets */; };
		06AF46182B030FE90067C289 /* BeepTest_Watch_AppTests.swift in Sources */ = {isa = PBXBuildFile; fileRef = 06AF46172B030FE90067C289 /* BeepTest_Watch_AppTests.swift */; };
/* End PBXBuildFile section */

/* Begin PBXContainerItemProxy section */
		0681E20F2B016B39000679D0 /* PBXContainerItemProxy */ = {
			isa = PBXContainerItemProxy;
			containerPortal = 0681E1F52B016B37000679D0 /* Project object */;
			proxyType = 1;
			remoteGlobalIDString = 0681E20C2B016B39000679D0;
			remoteInfo = "BeepTest Watch App";
		};
		06AF46192B030FE90067C289 /* PBXContainerItemProxy */ = {
			isa = PBXContainerItemProxy;
			containerPortal = 0681E1F52B016B37000679D0 /* Project object */;
			proxyType = 1;
			remoteGlobalIDString = 0681E20C2B016B39000679D0;
			remoteInfo = "BeepTest Watch App";
		};
/* End PBXContainerItemProxy section */

/* Begin PBXCopyFilesBuildPhase section */
		0681E2202B016B39000679D0 /* Embed Watch Content */ = {
			isa = PBXCopyFilesBuildPhase;
			buildActionMask = 2147483647;
			dstPath = "$(CONTENTS_FOLDER_PATH)/Watch";
			dstSubfolderSpec = 16;
			files = (
				0681E20E2B016B39000679D0 /* BeepTest Watch App.app in Embed Watch Content */,
			);
			name = "Embed Watch Content";
			runOnlyForDeploymentPostprocessing = 0;
		};
/* End PBXCopyFilesBuildPhase section */

/* Begin PBXFileReference section */
		0681E1FD2B016B38000679D0 /* BeepTest.app */ = {isa = PBXFileReference; explicitFileType = wrapper.application; includeInIndex = 0; path = BeepTest.app; sourceTree = BUILT_PRODUCTS_DIR; };
		0681E2002B016B38000679D0 /* BeepTestApp.swift */ = {isa = PBXFileReference; lastKnownFileType = sourcecode.swift; path = BeepTestApp.swift; sourceTree = "<group>"; };
		0681E2022B016B38000679D0 /* ContentView.swift */ = {isa = PBXFileReference; lastKnownFileType = sourcecode.swift; path = ContentView.swift; sourceTree = "<group>"; };
		0681E2042B016B39000679D0 /* Assets.xcassets */ = {isa = PBXFileReference; lastKnownFileType = folder.assetcatalog; path = Assets.xcassets; sourceTree = "<group>"; };
		0681E2072B016B39000679D0 /* Preview Assets.xcassets */ = {isa = PBXFileReference; lastKnownFileType = folder.assetcatalog; path = "Preview Assets.xcassets"; sourceTree = "<group>"; };
		0681E20D2B016B39000679D0 /* BeepTest Watch App.app */ = {isa = PBXFileReference; explicitFileType = wrapper.application; includeInIndex = 0; path = "BeepTest Watch App.app"; sourceTree = BUILT_PRODUCTS_DIR; };
		0681E2122B016B39000679D0 /* BeepTestApp.swift */ = {isa = PBXFileReference; lastKnownFileType = sourcecode.swift; path = BeepTestApp.swift; sourceTree = "<group>"; };
		0681E2142B016B39000679D0 /* ContentView.swift */ = {isa = PBXFileReference; lastKnownFileType = sourcecode.swift; path = ContentView.swift; sourceTree = "<group>"; };
		0681E2162B016B39000679D0 /* Assets.xcassets */ = {isa = PBXFileReference; lastKnownFileType = folder.assetcatalog; path = Assets.xcassets; sourceTree = "<group>"; };
		0681E2192B016B39000679D0 /* Preview Assets.xcassets */ = {isa = PBXFileReference; lastKnownFileType = folder.assetcatalog; path = "Preview Assets.xcassets"; sourceTree = "<group>"; };
		06AF46152B030FE90067C289 /* BeepTest Watch AppTests.xctest */ = {isa = PBXFileReference; explicitFileType = wrapper.cfbundle; includeInIndex = 0; path = "BeepTest Watch AppTests.xctest"; sourceTree = BUILT_PRODUCTS_DIR; };
		06AF46172B030FE90067C289 /* BeepTest_Watch_AppTests.swift */ = {isa = PBXFileReference; lastKnownFileType = sourcecode.swift; path = BeepTest_Watch_AppTests.swift; sourceTree = "<group>"; };
		06AF461F2B0327B70067C289 /* BeepTest Watch App.entitlements */ = {isa = PBXFileReference; lastKnownFileType = text.plist.entitlements; path = "BeepTest Watch App.entitlements"; sourceTree = "<group>"; };
		06AF46202B0327F00067C289 /* BeepTest.entitlements */ = {isa = PBXFileReference; lastKnownFileType = text.plist.entitlements; path = BeepTest.entitlements; sourceTree = "<group>"; };
		06E469582B01AFF10062AFC9 /* BeepTest-Watch-App-Info.plist */ = {isa = PBXFileReference; lastKnownFileType = text.plist; path = "BeepTest-Watch-App-Info.plist"; sourceTree = SOURCE_ROOT; };
/* End PBXFileReference section */

/* Begin PBXFrameworksBuildPhase section */
		0681E1FA2B016B38000679D0 /* Frameworks */ = {
			isa = PBXFrameworksBuildPhase;
			buildActionMask = 2147483647;
			files = (
			);
			runOnlyForDeploymentPostprocessing = 0;
		};
		0681E20A2B016B39000679D0 /* Frameworks */ = {
			isa = PBXFrameworksBuildPhase;
			buildActionMask = 2147483647;
			files = (
			);
			runOnlyForDeploymentPostprocessing = 0;
		};
		06AF46122B030FE90067C289 /* Frameworks */ = {
			isa = PBXFrameworksBuildPhase;
			buildActionMask = 2147483647;
			files = (
			);
			runOnlyForDeploymentPostprocessing = 0;
		};
/* End PBXFrameworksBuildPhase section */

/* Begin PBXGroup section */
		0681E1F42B016B37000679D0 = {
			isa = PBXGroup;
			children = (
				0681E1FF2B016B38000679D0 /* BeepTest */,
				0681E2112B016B39000679D0 /* BeepTest Watch App */,
				06AF46162B030FE90067C289 /* BeepTest Watch AppTests */,
				0681E1FE2B016B38000679D0 /* Products */,
			);
			sourceTree = "<group>";
		};
		0681E1FE2B016B38000679D0 /* Products */ = {
			isa = PBXGroup;
			children = (
				0681E1FD2B016B38000679D0 /* BeepTest.app */,
				0681E20D2B016B39000679D0 /* BeepTest Watch App.app */,
				06AF46152B030FE90067C289 /* BeepTest Watch AppTests.xctest */,
			);
			name = Products;
			sourceTree = "<group>";
		};
		0681E1FF2B016B38000679D0 /* BeepTest */ = {
			isa = PBXGroup;
			children = (
				06AF46202B0327F00067C289 /* BeepTest.entitlements */,
				0681E2002B016B38000679D0 /* BeepTestApp.swift */,
				0681E2022B016B38000679D0 /* ContentView.swift */,
				0681E2042B016B39000679D0 /* Assets.xcassets */,
				0681E2062B016B39000679D0 /* Preview Content */,
			);
			path = BeepTest;
			sourceTree = "<group>";
		};
		0681E2062B016B39000679D0 /* Preview Content */ = {
			isa = PBXGroup;
			children = (
				0681E2072B016B39000679D0 /* Preview Assets.xcassets */,
			);
			path = "Preview Content";
			sourceTree = "<group>";
		};
		0681E2112B016B39000679D0 /* BeepTest Watch App */ = {
			isa = PBXGroup;
			children = (
				06AF461F2B0327B70067C289 /* BeepTest Watch App.entitlements */,
				06E469582B01AFF10062AFC9 /* BeepTest-Watch-App-Info.plist */,
				0681E2122B016B39000679D0 /* BeepTestApp.swift */,
				0681E2142B016B39000679D0 /* ContentView.swift */,
				0681E2162B016B39000679D0 /* Assets.xcassets */,
				0681E2182B016B39000679D0 /* Preview Content */,
			);
			path = "BeepTest Watch App";
			sourceTree = "<group>";
		};
		0681E2182B016B39000679D0 /* Preview Content */ = {
			isa = PBXGroup;
			children = (
				0681E2192B016B39000679D0 /* Preview Assets.xcassets */,
			);
			path = "Preview Content";
			sourceTree = "<group>";
		};
		06AF46162B030FE90067C289 /* BeepTest Watch AppTests */ = {
			isa = PBXGroup;
			children = (
				06AF46172B030FE90067C289 /* BeepTest_Watch_AppTests.swift */,
			);
			path = "BeepTest Watch AppTests";
			sourceTree = "<group>";
		};
/* End PBXGroup section */

/* Begin PBXNativeTarget section */
		0681E1FC2B016B38000679D0 /* BeepTest */ = {
			isa = PBXNativeTarget;
			buildConfigurationList = 0681E2212B016B39000679D0 /* Build configuration list for PBXNativeTarget "BeepTest" */;
			buildPhases = (
				0681E1F92B016B38000679D0 /* Sources */,
				0681E1FA2B016B38000679D0 /* Frameworks */,
				0681E1FB2B016B38000679D0 /* Resources */,
				0681E2202B016B39000679D0 /* Embed Watch Content */,
			);
			buildRules = (
			);
			dependencies = (
				0681E2102B016B39000679D0 /* PBXTargetDependency */,
			);
			name = BeepTest;
			productName = BeepTest;
			productReference = 0681E1FD2B016B38000679D0 /* BeepTest.app */;
			productType = "com.apple.product-type.application";
		};
		0681E20C2B016B39000679D0 /* BeepTest Watch App */ = {
			isa = PBXNativeTarget;
			buildConfigurationList = 0681E21D2B016B39000679D0 /* Build configuration list for PBXNativeTarget "BeepTest Watch App" */;
			buildPhases = (
				0681E2092B016B39000679D0 /* Sources */,
				0681E20A2B016B39000679D0 /* Frameworks */,
				0681E20B2B016B39000679D0 /* Resources */,
			);
			buildRules = (
			);
			dependencies = (
			);
			name = "BeepTest Watch App";
			productName = "BeepTest Watch App";
			productReference = 0681E20D2B016B39000679D0 /* BeepTest Watch App.app */;
			productType = "com.apple.product-type.application";
		};
		06AF46142B030FE90067C289 /* BeepTest Watch AppTests */ = {
			isa = PBXNativeTarget;
			buildConfigurationList = 06AF461B2B030FE90067C289 /* Build configuration list for PBXNativeTarget "BeepTest Watch AppTests" */;
			buildPhases = (
				06AF46112B030FE90067C289 /* Sources */,
				06AF46122B030FE90067C289 /* Frameworks */,
				06AF46132B030FE90067C289 /* Resources */,
			);
			buildRules = (
			);
			dependencies = (
				06AF461A2B030FE90067C289 /* PBXTargetDependency */,
			);
			name = "BeepTest Watch AppTests";
			productName = "BeepTest Watch AppTests";
			productReference = 06AF46152B030FE90067C289 /* BeepTest Watch AppTests.xctest */;
			productType = "com.apple.product-type.bundle.unit-test";
		};
/* End PBXNativeTarget section */

/* Begin PBXProject section */
		0681E1F52B016B37000679D0 /* Project object */ = {
			isa = PBXProject;
			attributes = {
				BuildIndependentTargetsInParallel = 1;
				LastSwiftUpdateCheck = 1430;
				LastUpgradeCheck = 1430;
				TargetAttributes = {
					0681E1FC2B016B38000679D0 = {
						CreatedOnToolsVersion = 14.3.1;
					};
					0681E20C2B016B39000679D0 = {
						CreatedOnToolsVersion = 14.3.1;
					};
					06AF46142B030FE90067C289 = {
						CreatedOnToolsVersion = 14.3.1;
						TestTargetID = 0681E20C2B016B39000679D0;
					};
				};
			};
			buildConfigurationList = 0681E1F82B016B37000679D0 /* Build configuration list for PBXProject "BeepTest" */;
			compatibilityVersion = "Xcode 14.0";
			developmentRegion = en;
			hasScannedForEncodings = 0;
			knownRegions = (
				en,
				Base,
			);
			mainGroup = 0681E1F42B016B37000679D0;
			productRefGroup = 0681E1FE2B016B38000679D0 /* Products */;
			projectDirPath = "";
			projectRoot = "";
			targets = (
				0681E1FC2B016B38000679D0 /* BeepTest */,
				0681E20C2B016B39000679D0 /* BeepTest Watch App */,
				06AF46142B030FE90067C289 /* BeepTest Watch AppTests */,
			);
		};
/* End PBXProject section */

/* Begin PBXResourcesBuildPhase section */
		0681E1FB2B016B38000679D0 /* Resources */ = {
			isa = PBXResourcesBuildPhase;
			buildActionMask = 2147483647;
			files = (
				0681E2082B016B39000679D0 /* Preview Assets.xcassets in Resources */,
				0681E2052B016B39000679D0 /* Assets.xcassets in Resources */,
			);
			runOnlyForDeploymentPostprocessing = 0;
		};
		0681E20B2B016B39000679D0 /* Resources */ = {
			isa = PBXResourcesBuildPhase;
			buildActionMask = 2147483647;
			files = (
				0681E21A2B016B39000679D0 /* Preview Assets.xcassets in Resources */,
				0681E2172B016B39000679D0 /* Assets.xcassets in Resources */,
			);
			runOnlyForDeploymentPostprocessing = 0;
		};
		06AF46132B030FE90067C289 /* Resources */ = {
			isa = PBXResourcesBuildPhase;
			buildActionMask = 2147483647;
			files = (
			);
			runOnlyForDeploymentPostprocessing = 0;
		};
/* End PBXResourcesBuildPhase section */

/* Begin PBXSourcesBuildPhase section */
		0681E1F92B016B38000679D0 /* Sources */ = {
			isa = PBXSourcesBuildPhase;
			buildActionMask = 2147483647;
			files = (
				0681E2032B016B38000679D0 /* ContentView.swift in Sources */,
				0681E2012B016B38000679D0 /* BeepTestApp.swift in Sources */,
			);
			runOnlyForDeploymentPostprocessing = 0;
		};
		0681E2092B016B39000679D0 /* Sources */ = {
			isa = PBXSourcesBuildPhase;
			buildActionMask = 2147483647;
			files = (
				0681E2152B016B39000679D0 /* ContentView.swift in Sources */,
				0681E2132B016B39000679D0 /* BeepTestApp.swift in Sources */,
			);
			runOnlyForDeploymentPostprocessing = 0;
		};
		06AF46112B030FE90067C289 /* Sources */ = {
			isa = PBXSourcesBuildPhase;
			buildActionMask = 2147483647;
			files = (
				06AF46182B030FE90067C289 /* BeepTest_Watch_AppTests.swift in Sources */,
			);
			runOnlyForDeploymentPostprocessing = 0;
		};
/* End PBXSourcesBuildPhase section */

/* Begin PBXTargetDependency section */
		0681E2102B016B39000679D0 /* PBXTargetDependency */ = {
			isa = PBXTargetDependency;
			target = 0681E20C2B016B39000679D0 /* BeepTest Watch App */;
			targetProxy = 0681E20F2B016B39000679D0 /* PBXContainerItemProxy */;
		};
		06AF461A2B030FE90067C289 /* PBXTargetDependency */ = {
			isa = PBXTargetDependency;
			target = 0681E20C2B016B39000679D0 /* BeepTest Watch App */;
			targetProxy = 06AF46192B030FE90067C289 /* PBXContainerItemProxy */;
		};
/* End PBXTargetDependency section */

/* Begin XCBuildConfiguration section */
		0681E21B2B016B39000679D0 /* Debug */ = {
			isa = XCBuildConfiguration;
			buildSettings = {
				ALWAYS_SEARCH_USER_PATHS = NO;
				CLANG_ANALYZER_NONNULL = YES;
				CLANG_ANALYZER_NUMBER_OBJECT_CONVERSION = YES_AGGRESSIVE;
				CLANG_CXX_LANGUAGE_STANDARD = "gnu++20";
				CLANG_ENABLE_MODULES = YES;
				CLANG_ENABLE_OBJC_ARC = YES;
				CLANG_ENABLE_OBJC_WEAK = YES;
				CLANG_WARN_BLOCK_CAPTURE_AUTORELEASING = YES;
				CLANG_WARN_BOOL_CONVERSION = YES;
				CLANG_WARN_COMMA = YES;
				CLANG_WARN_CONSTANT_CONVERSION = YES;
				CLANG_WARN_DEPRECATED_OBJC_IMPLEMENTATIONS = YES;
				CLANG_WARN_DIRECT_OBJC_ISA_USAGE = YES_ERROR;
				CLANG_WARN_DOCUMENTATION_COMMENTS = YES;
				CLANG_WARN_EMPTY_BODY = YES;
				CLANG_WARN_ENUM_CONVERSION = YES;
				CLANG_WARN_INFINITE_RECURSION = YES;
				CLANG_WARN_INT_CONVERSION = YES;
				CLANG_WARN_NON_LITERAL_NULL_CONVERSION = YES;
				CLANG_WARN_OBJC_IMPLICIT_RETAIN_SELF = YES;
				CLANG_WARN_OBJC_LITERAL_CONVERSION = YES;
				CLANG_WARN_OBJC_ROOT_CLASS = YES_ERROR;
				CLANG_WARN_QUOTED_INCLUDE_IN_FRAMEWORK_HEADER = YES;
				CLANG_WARN_RANGE_LOOP_ANALYSIS = YES;
				CLANG_WARN_STRICT_PROTOTYPES = YES;
				CLANG_WARN_SUSPICIOUS_MOVE = YES;
				CLANG_WARN_UNGUARDED_AVAILABILITY = YES_AGGRESSIVE;
				CLANG_WARN_UNREACHABLE_CODE = YES;
				CLANG_WARN__DUPLICATE_METHOD_MATCH = YES;
				COPY_PHASE_STRIP = NO;
				DEBUG_INFORMATION_FORMAT = dwarf;
				ENABLE_STRICT_OBJC_MSGSEND = YES;
				ENABLE_TESTABILITY = YES;
				GCC_C_LANGUAGE_STANDARD = gnu11;
				GCC_DYNAMIC_NO_PIC = NO;
				GCC_NO_COMMON_BLOCKS = YES;
				GCC_OPTIMIZATION_LEVEL = 0;
				GCC_PREPROCESSOR_DEFINITIONS = (
					"DEBUG=1",
					"$(inherited)",
				);
				GCC_WARN_64_TO_32_BIT_CONVERSION = YES;
				GCC_WARN_ABOUT_RETURN_TYPE = YES_ERROR;
				GCC_WARN_UNDECLARED_SELECTOR = YES;
				GCC_WARN_UNINITIALIZED_AUTOS = YES_AGGRESSIVE;
				GCC_WARN_UNUSED_FUNCTION = YES;
				GCC_WARN_UNUSED_VARIABLE = YES;
				MTL_ENABLE_DEBUG_INFO = INCLUDE_SOURCE;
				MTL_FAST_MATH = YES;
				ONLY_ACTIVE_ARCH = YES;
				SWIFT_ACTIVE_COMPILATION_CONDITIONS = DEBUG;
				SWIFT_OPTIMIZATION_LEVEL = "-Onone";
			};
			name = Debug;
		};
		0681E21C2B016B39000679D0 /* Release */ = {
			isa = XCBuildConfiguration;
			buildSettings = {
				ALWAYS_SEARCH_USER_PATHS = NO;
				CLANG_ANALYZER_NONNULL = YES;
				CLANG_ANALYZER_NUMBER_OBJECT_CONVERSION = YES_AGGRESSIVE;
				CLANG_CXX_LANGUAGE_STANDARD = "gnu++20";
				CLANG_ENABLE_MODULES = YES;
				CLANG_ENABLE_OBJC_ARC = YES;
				CLANG_ENABLE_OBJC_WEAK = YES;
				CLANG_WARN_BLOCK_CAPTURE_AUTORELEASING = YES;
				CLANG_WARN_BOOL_CONVERSION = YES;
				CLANG_WARN_COMMA = YES;
				CLANG_WARN_CONSTANT_CONVERSION = YES;
				CLANG_WARN_DEPRECATED_OBJC_IMPLEMENTATIONS = YES;
				CLANG_WARN_DIRECT_OBJC_ISA_USAGE = YES_ERROR;
				CLANG_WARN_DOCUMENTATION_COMMENTS = YES;
				CLANG_WARN_EMPTY_BODY = YES;
				CLANG_WARN_ENUM_CONVERSION = YES;
				CLANG_WARN_INFINITE_RECURSION = YES;
				CLANG_WARN_INT_CONVERSION = YES;
				CLANG_WARN_NON_LITERAL_NULL_CONVERSION = YES;
				CLANG_WARN_OBJC_IMPLICIT_RETAIN_SELF = YES;
				CLANG_WARN_OBJC_LITERAL_CONVERSION = YES;
				CLANG_WARN_OBJC_ROOT_CLASS = YES_ERROR;
				CLANG_WARN_QUOTED_INCLUDE_IN_FRAMEWORK_HEADER = YES;
				CLANG_WARN_RANGE_LOOP_ANALYSIS = YES;
				CLANG_WARN_STRICT_PROTOTYPES = YES;
				CLANG_WARN_SUSPICIOUS_MOVE = YES;
				CLANG_WARN_UNGUARDED_AVAILABILITY = YES_AGGRESSIVE;
				CLANG_WARN_UNREACHABLE_CODE = YES;
				CLANG_WARN__DUPLICATE_METHOD_MATCH = YES;
				COPY_PHASE_STRIP = NO;
				DEBUG_INFORMATION_FORMAT = "dwarf-with-dsym";
				ENABLE_NS_ASSERTIONS = NO;
				ENABLE_STRICT_OBJC_MSGSEND = YES;
				GCC_C_LANGUAGE_STANDARD = gnu11;
				GCC_NO_COMMON_BLOCKS = YES;
				GCC_WARN_64_TO_32_BIT_CONVERSION = YES;
				GCC_WARN_ABOUT_RETURN_TYPE = YES_ERROR;
				GCC_WARN_UNDECLARED_SELECTOR = YES;
				GCC_WARN_UNINITIALIZED_AUTOS = YES_AGGRESSIVE;
				GCC_WARN_UNUSED_FUNCTION = YES;
				GCC_WARN_UNUSED_VARIABLE = YES;
				MTL_ENABLE_DEBUG_INFO = NO;
				MTL_FAST_MATH = YES;
				SWIFT_COMPILATION_MODE = wholemodule;
				SWIFT_OPTIMIZATION_LEVEL = "-O";
			};
			name = Release;
		};
		0681E21E2B016B39000679D0 /* Debug */ = {
			isa = XCBuildConfiguration;
			buildSettings = {
				ASSETCATALOG_COMPILER_APPICON_NAME = AppIcon;
				ASSETCATALOG_COMPILER_GLOBAL_ACCENT_COLOR_NAME = AccentColor;
				CODE_SIGN_ENTITLEMENTS = "BeepTest Watch App/BeepTest Watch AppDebug.entitlements";
				CODE_SIGN_STYLE = Automatic;
				CURRENT_PROJECT_VERSION = 1;
				DEVELOPMENT_ASSET_PATHS = "\"BeepTest Watch App/Preview Content\"";
				DEVELOPMENT_TEAM = N975GJLKCN;
				ENABLE_PREVIEWS = YES;
				GENERATE_INFOPLIST_FILE = YES;
				INFOPLIST_FILE = "BeepTest-Watch-App-Info.plist";
				INFOPLIST_KEY_CFBundleDisplayName = BeepTest;
				INFOPLIST_KEY_UISupportedInterfaceOrientations = "UIInterfaceOrientationPortrait UIInterfaceOrientationPortraitUpsideDown";
				INFOPLIST_KEY_WKCompanionAppBundleIdentifier = jamesodev.BeepTest;
				INFOPLIST_KEY_WKRunsIndependentlyOfCompanionApp = YES;
				LD_RUNPATH_SEARCH_PATHS = (
					"$(inherited)",
					"@executable_path/Frameworks",
				);
				MARKETING_VERSION = 1.0;
				PRODUCT_BUNDLE_IDENTIFIER = jamesodev.BeepTest.watchkitapp;
				PRODUCT_NAME = "$(TARGET_NAME)";
				SDKROOT = watchos;
				SKIP_INSTALL = YES;
				SWIFT_EMIT_LOC_STRINGS = YES;
				SWIFT_VERSION = 5.0;
				TARGETED_DEVICE_FAMILY = 4;
				WATCHOS_DEPLOYMENT_TARGET = 8.7;
			};
			name = Debug;
		};
		0681E21F2B016B39000679D0 /* Release */ = {
			isa = XCBuildConfiguration;
			buildSettings = {
				ASSETCATALOG_COMPILER_APPICON_NAME = AppIcon;
				ASSETCATALOG_COMPILER_GLOBAL_ACCENT_COLOR_NAME = AccentColor;
				CODE_SIGN_ENTITLEMENTS = "BeepTest Watch App/BeepTest Watch App.entitlements";
				CODE_SIGN_STYLE = Automatic;
				CURRENT_PROJECT_VERSION = 1;
				DEVELOPMENT_ASSET_PATHS = "\"BeepTest Watch App/Preview Content\"";
				DEVELOPMENT_TEAM = N975GJLKCN;
				ENABLE_PREVIEWS = YES;
				GENERATE_INFOPLIST_FILE = YES;
				INFOPLIST_FILE = "BeepTest-Watch-App-Info.plist";
				INFOPLIST_KEY_CFBundleDisplayName = BeepTest;
				INFOPLIST_KEY_UISupportedInterfaceOrientations = "UIInterfaceOrientationPortrait UIInterfaceOrientationPortraitUpsideDown";
				INFOPLIST_KEY_WKCompanionAppBundleIdentifier = jamesodev.BeepTest;
				INFOPLIST_KEY_WKRunsIndependentlyOfCompanionApp = YES;
				LD_RUNPATH_SEARCH_PATHS = (
					"$(inherited)",
					"@executable_path/Frameworks",
				);
				MARKETING_VERSION = 1.0;
				PRODUCT_BUNDLE_IDENTIFIER = jamesodev.BeepTest.watchkitapp;
				PRODUCT_NAME = "$(TARGET_NAME)";
				SDKROOT = watchos;
				SKIP_INSTALL = YES;
				SWIFT_EMIT_LOC_STRINGS = YES;
				SWIFT_VERSION = 5.0;
				TARGETED_DEVICE_FAMILY = 4;
				VALIDATE_PRODUCT = YES;
				WATCHOS_DEPLOYMENT_TARGET = 8.7;
			};
			name = Release;
		};
		0681E2222B016B39000679D0 /* Debug */ = {
			isa = XCBuildConfiguration;
			buildSettings = {
				ALWAYS_EMBED_SWIFT_STANDARD_LIBRARIES = YES;
				ASSETCATALOG_COMPILER_APPICON_NAME = AppIcon;
				ASSETCATALOG_COMPILER_GLOBAL_ACCENT_COLOR_NAME = AccentColor;
				ASSETCATALOG_COMPILER_INCLUDE_ALL_APPICON_ASSETS = YES;
				CODE_SIGN_ENTITLEMENTS = BeepTest/BeepTestDebug.entitlements;
				CODE_SIGN_STYLE = Automatic;
				CURRENT_PROJECT_VERSION = 1;
				DEVELOPMENT_ASSET_PATHS = "\"BeepTest/Preview Content\"";
				DEVELOPMENT_TEAM = N975GJLKCN;
				ENABLE_PREVIEWS = YES;
				GENERATE_INFOPLIST_FILE = YES;
				INFOPLIST_KEY_CFBundleDisplayName = BeepTest;
				INFOPLIST_KEY_LSApplicationCategoryType = "public.app-category.healthcare-fitness";
				INFOPLIST_KEY_UIApplicationSceneManifest_Generation = YES;
				INFOPLIST_KEY_UIApplicationSupportsIndirectInputEvents = YES;
				INFOPLIST_KEY_UILaunchScreen_Generation = YES;
				INFOPLIST_KEY_UISupportedInterfaceOrientations_iPad = "UIInterfaceOrientationPortrait UIInterfaceOrientationPortraitUpsideDown UIInterfaceOrientationLandscapeLeft UIInterfaceOrientationLandscapeRight";
				INFOPLIST_KEY_UISupportedInterfaceOrientations_iPhone = "UIInterfaceOrientationPortrait UIInterfaceOrientationLandscapeLeft UIInterfaceOrientationLandscapeRight";
				IPHONEOS_DEPLOYMENT_TARGET = 16.4;
				LD_RUNPATH_SEARCH_PATHS = (
					"$(inherited)",
					"@executable_path/Frameworks",
				);
				MARKETING_VERSION = 1.0;
				PRODUCT_BUNDLE_IDENTIFIER = jamesodev.BeepTest;
				PRODUCT_NAME = "$(TARGET_NAME)";
				SDKROOT = iphoneos;
				SWIFT_EMIT_LOC_STRINGS = YES;
				SWIFT_VERSION = 5.0;
				TARGETED_DEVICE_FAMILY = "1,2";
			};
			name = Debug;
		};
		0681E2232B016B39000679D0 /* Release */ = {
			isa = XCBuildConfiguration;
			buildSettings = {
				ALWAYS_EMBED_SWIFT_STANDARD_LIBRARIES = YES;
				ASSETCATALOG_COMPILER_APPICON_NAME = AppIcon;
				ASSETCATALOG_COMPILER_GLOBAL_ACCENT_COLOR_NAME = AccentColor;
				ASSETCATALOG_COMPILER_INCLUDE_ALL_APPICON_ASSETS = YES;
				CODE_SIGN_ENTITLEMENTS = BeepTest/BeepTest.entitlements;
				CODE_SIGN_STYLE = Automatic;
				CURRENT_PROJECT_VERSION = 1;
				DEVELOPMENT_ASSET_PATHS = "\"BeepTest/Preview Content\"";
				DEVELOPMENT_TEAM = N975GJLKCN;
				ENABLE_PREVIEWS = YES;
				GENERATE_INFOPLIST_FILE = YES;
				INFOPLIST_KEY_CFBundleDisplayName = BeepTest;
				INFOPLIST_KEY_LSApplicationCategoryType = "public.app-category.healthcare-fitness";
				INFOPLIST_KEY_UIApplicationSceneManifest_Generation = YES;
				INFOPLIST_KEY_UIApplicationSupportsIndirectInputEvents = YES;
				INFOPLIST_KEY_UILaunchScreen_Generation = YES;
				INFOPLIST_KEY_UISupportedInterfaceOrientations_iPad = "UIInterfaceOrientationPortrait UIInterfaceOrientationPortraitUpsideDown UIInterfaceOrientationLandscapeLeft UIInterfaceOrientationLandscapeRight";
				INFOPLIST_KEY_UISupportedInterfaceOrientations_iPhone = "UIInterfaceOrientationPortrait UIInterfaceOrientationLandscapeLeft UIInterfaceOrientationLandscapeRight";
				IPHONEOS_DEPLOYMENT_TARGET = 16.4;
				LD_RUNPATH_SEARCH_PATHS = (
					"$(inherited)",
					"@executable_path/Frameworks",
				);
				MARKETING_VERSION = 1.0;
				PRODUCT_BUNDLE_IDENTIFIER = jamesodev.BeepTest;
				PRODUCT_NAME = "$(TARGET_NAME)";
				SDKROOT = iphoneos;
				SWIFT_EMIT_LOC_STRINGS = YES;
				SWIFT_VERSION = 5.0;
				TARGETED_DEVICE_FAMILY = "1,2";
				VALIDATE_PRODUCT = YES;
			};
			name = Release;
		};
		06AF461C2B030FE90067C289 /* Debug */ = {
			isa = XCBuildConfiguration;
			buildSettings = {
				BUNDLE_LOADER = "$(TEST_HOST)";
				CODE_SIGN_STYLE = Automatic;
				CURRENT_PROJECT_VERSION = 1;
				DEVELOPMENT_TEAM = N975GJLKCN;
				GENERATE_INFOPLIST_FILE = YES;
				MARKETING_VERSION = 1.0;
				PRODUCT_BUNDLE_IDENTIFIER = "jamesodev.BeepTest-Watch-AppTests";
				PRODUCT_NAME = "$(TARGET_NAME)";
				SDKROOT = watchos;
				SWIFT_EMIT_LOC_STRINGS = NO;
				SWIFT_VERSION = 5.0;
				TARGETED_DEVICE_FAMILY = 4;
				TEST_HOST = "$(BUILT_PRODUCTS_DIR)/BeepTest Watch App.app/$(BUNDLE_EXECUTABLE_FOLDER_PATH)/BeepTest Watch App";
				WATCHOS_DEPLOYMENT_TARGET = 9.4;
			};
			name = Debug;
		};
		06AF461D2B030FE90067C289 /* Release */ = {
			isa = XCBuildConfiguration;
			buildSettings = {
				BUNDLE_LOADER = "$(TEST_HOST)";
				CODE_SIGN_STYLE = Automatic;
				CURRENT_PROJECT_VERSION = 1;
				DEVELOPMENT_TEAM = N975GJLKCN;
				GENERATE_INFOPLIST_FILE = YES;
				MARKETING_VERSION = 1.0;
				PRODUCT_BUNDLE_IDENTIFIER = "jamesodev.BeepTest-Watch-AppTests";
				PRODUCT_NAME = "$(TARGET_NAME)";
				SDKROOT = watchos;
				SWIFT_EMIT_LOC_STRINGS = NO;
				SWIFT_VERSION = 5.0;
				TARGETED_DEVICE_FAMILY = 4;
				TEST_HOST = "$(BUILT_PRODUCTS_DIR)/BeepTest Watch App.app/$(BUNDLE_EXECUTABLE_FOLDER_PATH)/BeepTest Watch App";
				VALIDATE_PRODUCT = YES;
				WATCHOS_DEPLOYMENT_TARGET = 9.4;
			};
			name = Release;
		};
/* End XCBuildConfiguration section */

/* Begin XCConfigurationList section */
		0681E1F82B016B37000679D0 /* Build configuration list for PBXProject "BeepTest" */ = {
			isa = XCConfigurationList;
			buildConfigurations = (
				0681E21B2B016B39000679D0 /* Debug */,
				0681E21C2B016B39000679D0 /* Release */,
			);
			defaultConfigurationIsVisible = 0;
			defaultConfigurationName = Release;
		};
		0681E21D2B016B39000679D0 /* Build configuration list for PBXNativeTarget "BeepTest Watch App" */ = {
			isa = XCConfigurationList;
			buildConfigurations = (
				0681E21E2B016B39000679D0 /* Debug */,
				0681E21F2B016B39000679D0 /* Release */,
			);
			defaultConfigurationIsVisible = 0;
			defaultConfigurationName = Release;
		};
		0681E2212B016B39000679D0 /* Build configuration list for PBXNativeTarget "BeepTest" */ = {
			isa = XCConfigurationList;
			buildConfigurations = (
				0681E2222B016B39000679D0 /* Debug */,
				0681E2232B016B39000679D0 /* Release */,
			);
			defaultConfigurationIsVisible = 0;
			defaultConfigurationName = Release;
		};
		06AF461B2B030FE90067C289 /* Build configuration list for PBXNativeTarget "BeepTest Watch AppTests" */ = {
			isa = XCConfigurationList;
			buildConfigurations = (
				06AF461C2B030FE90067C289 /* Debug */,
				06AF461D2B030FE90067C289 /* Release */,
			);
			defaultConfigurationIsVisible = 0;
			defaultConfigurationName = Release;
		};
/* End XCConfigurationList section */
	};
	rootObject = 0681E1F52B016B37000679D0 /* Project object */;
}
